// !$*UTF8*$!
{
	archiveVersion = 1;
	classes = {
	};
	objectVersion = 54;
	objects = {

/* Begin PBXBuildFile section */
		0018DEEB09A84367B640A219 /* PublicSans-SemiBold.ttf in Resources */ = {isa = PBXBuildFile; fileRef = 534D0BCF9B034B95AA5B4D33 /* PublicSans-SemiBold.ttf */; };
		037C55BA56454BD8A6841C95 /* Outfit-Bold.ttf in Resources */ = {isa = PBXBuildFile; fileRef = C9C2B666F3184E9BBF6641AE /* Outfit-Bold.ttf */; };
		0425E081948963979B818710 /* PrivacyInfo.xcprivacy in Resources */ = {isa = PBXBuildFile; fileRef = 13B07FB81A68108700A75B9A /* PrivacyInfo.xcprivacy */; };
		045D840CB5864D94B086EF03 /* PublicSans-BoldItalic.ttf in Resources */ = {isa = PBXBuildFile; fileRef = 9DBE09CF21CA4EDDADE328EB /* PublicSans-BoldItalic.ttf */; };
		072D278E0ECE42DF8C30447E /* Montserrat-ExtraLight.ttf in Resources */ = {isa = PBXBuildFile; fileRef = D3E9C36EE69F4384BD3A058F /* Montserrat-ExtraLight.ttf */; };
		13B07FBF1A68108700A75B9A /* images.xcassets in Resources */ = {isa = PBXBuildFile; fileRef = 13B07FB51A68108700A75B9A /* images.xcassets */; };
		13C6937210104D5ABEFB7885 /* GolosText-Regular.ttf in Resources */ = {isa = PBXBuildFile; fileRef = 346949939FA74D30ADB5B530 /* GolosText-Regular.ttf */; };
		1F7605F65E394C83B6F42E26 /* GolosText-Black.ttf in Resources */ = {isa = PBXBuildFile; fileRef = A9D8B94FF2194A9EA6625294 /* GolosText-Black.ttf */; };
		28215B87821A4291B203360D /* PublicSans-Medium.ttf in Resources */ = {isa = PBXBuildFile; fileRef = EC3CAD3E3C3B424391AB5BC6 /* PublicSans-Medium.ttf */; };
		2F46556921D44E82A431FE61 /* Montserrat-ExtraBoldItalic.ttf in Resources */ = {isa = PBXBuildFile; fileRef = EA43D805E14248E8A9B13B64 /* Montserrat-ExtraBoldItalic.ttf */; };
		346EB3DB860E4F52BE975E60 /* GolosText-Bold.ttf in Resources */ = {isa = PBXBuildFile; fileRef = 5375E74BEAF94F2996DAECAA /* GolosText-Bold.ttf */; };
		38BCED23FD484CF6A001B2B8 /* Outfit-Regular.ttf in Resources */ = {isa = PBXBuildFile; fileRef = F0C6B32BA1A5416BAB249268 /* Outfit-Regular.ttf */; };
		3A2599FC2B904E7E87508897 /* Montserrat-BlackItalic.ttf in Resources */ = {isa = PBXBuildFile; fileRef = 67E4BDEE60C94CC2A1F476A2 /* Montserrat-BlackItalic.ttf */; };
		3A342E8BD0C1413ABF9BCCDD /* Montserrat-Italic.ttf in Resources */ = {isa = PBXBuildFile; fileRef = D81A15C78C3C49E1BEF360C3 /* Montserrat-Italic.ttf */; };
		4C8DD5C2E1B14A58AC2FD306 /* PublicSans-LightItalic.ttf in Resources */ = {isa = PBXBuildFile; fileRef = 99F72DD2C0844D85BD0505CF /* PublicSans-LightItalic.ttf */; };
		50C39DF4CB5041DB971C3AF2 /* Montserrat-SemiBold.ttf in Resources */ = {isa = PBXBuildFile; fileRef = 3B5B932FD9264E8EB065B35E /* Montserrat-SemiBold.ttf */; };
		51CCAFD8823948E5A2C84D5A /* Montserrat-Bold.ttf in Resources */ = {isa = PBXBuildFile; fileRef = E8AF3B9C878941ED88F47889 /* Montserrat-Bold.ttf */; };
		53978242C1D946CE9432758B /* Montserrat-Light.ttf in Resources */ = {isa = PBXBuildFile; fileRef = 8A4A6E0BBF5C4478A8E6895B /* Montserrat-Light.ttf */; };
		58B10E2540384BB5896003D2 /* PublicSans-ExtraLightItalic.ttf in Resources */ = {isa = PBXBuildFile; fileRef = 2D0A953CC068424B9A4EC3B1 /* PublicSans-ExtraLightItalic.ttf */; };
		5BE9B9E7E80143C88056F520 /* GolosText-Medium.ttf in Resources */ = {isa = PBXBuildFile; fileRef = 68359B4034924F7F94D91780 /* GolosText-Medium.ttf */; };
		5DDA7AB42DED879B00A564AB /* NativeEncryption.swift in Sources */ = {isa = PBXBuildFile; fileRef = 5DDA7AB32DED879A00A564AB /* NativeEncryption.swift */; };
		5DDA7AB52DED879B00A564AB /* NativeEncryption.m in Sources */ = {isa = PBXBuildFile; fileRef = 5DDA7AB22DED879A00A564AB /* NativeEncryption.m */; };
		5DDA7AB62DED879B00A564AB /* CryptLib.m in Sources */ = {isa = PBXBuildFile; fileRef = 5DDA7AB12DED879A00A564AB /* CryptLib.m */; };
		5DE03C2D2E5DC264000A8085 /* GoogleService-Info.plist in Resources */ = {isa = PBXBuildFile; fileRef = 5DE03C2C2E5DC264000A8085 /* GoogleService-Info.plist */; };
		636FF512C90142C3A4871902 /* PublicSans-Regular.ttf in Resources */ = {isa = PBXBuildFile; fileRef = EEFFCEB543E249AB82811EC2 /* PublicSans-Regular.ttf */; };
		6480CD1E040C43B89A279BD4 /* PublicSans-Thin.ttf in Resources */ = {isa = PBXBuildFile; fileRef = 53C7C35C132447EFB350BC38 /* PublicSans-Thin.ttf */; };
		695C9ACA91AC4D848ED2F907 /* Montserrat-BoldItalic.ttf in Resources */ = {isa = PBXBuildFile; fileRef = 80E383F2FAEA4D70A92C6905 /* Montserrat-BoldItalic.ttf */; };
		6C8A61D2055E486CA0DD41B8 /* Outfit-Light.ttf in Resources */ = {isa = PBXBuildFile; fileRef = FD3457C8EE8B4263A3502BBE /* Outfit-Light.ttf */; };
		6ECA134F11A84EB4AFD01AD9 /* PublicSans-Italic.ttf in Resources */ = {isa = PBXBuildFile; fileRef = 69CFEEF2DDC14643A82B857A /* PublicSans-Italic.ttf */; };
		6F207DE0CFB4409B89418075 /* PublicSans-ExtraBold.ttf in Resources */ = {isa = PBXBuildFile; fileRef = 4D5AB6F92E2B443A847C7ABE /* PublicSans-ExtraBold.ttf */; };
		761780ED2CA45674006654EE /* AppDelegate.swift in Sources */ = {isa = PBXBuildFile; fileRef = 761780EC2CA45674006654EE /* AppDelegate.swift */; };
		7666F9566E1B41389A82F070 /* Montserrat-MediumItalic.ttf in Resources */ = {isa = PBXBuildFile; fileRef = F8D4C5D953C94B97B5C3D737 /* Montserrat-MediumItalic.ttf */; };
		7748147BE34A42B6A0BB4027 /* PublicSans-Light.ttf in Resources */ = {isa = PBXBuildFile; fileRef = 9D7A470B96E34B6887AE0780 /* PublicSans-Light.ttf */; };
		81AB9BB82411601600AC10FF /* LaunchScreen.storyboard in Resources */ = {isa = PBXBuildFile; fileRef = 81AB9BB72411601600AC10FF /* LaunchScreen.storyboard */; };
		8240DAB5FC184DFC927D0434 /* PublicSans-ExtraBoldItalic.ttf in Resources */ = {isa = PBXBuildFile; fileRef = C40A48B9A55743DDA7A94338 /* PublicSans-ExtraBoldItalic.ttf */; };
		82457309D1EB4BA784CDAE92 /* Montserrat-Thin.ttf in Resources */ = {isa = PBXBuildFile; fileRef = 95F997EBF5F64D4C832C4B97 /* Montserrat-Thin.ttf */; };
		8286B30D4FFC435CB6DCEA07 /* PublicSans-ExtraLight.ttf in Resources */ = {isa = PBXBuildFile; fileRef = 130337FC03D74416BFD0E734 /* PublicSans-ExtraLight.ttf */; };
		84945939325F0DAC6AC3FCF4 /* Pods_somoi.framework in Frameworks */ = {isa = PBXBuildFile; fileRef = EB8A1A6F19FE04CA31DB1CBD /* Pods_somoi.framework */; };
		93D7C094038C45D4930BA337 /* PublicSans-SemiBoldItalic.ttf in Resources */ = {isa = PBXBuildFile; fileRef = A47542DFBE09441AB6EF34A9 /* PublicSans-SemiBoldItalic.ttf */; };
		96E7E19624BA4F26923D479A /* Montserrat-Medium.ttf in Resources */ = {isa = PBXBuildFile; fileRef = 4DD2EAFE4B9F4D6D8BB7E33D /* Montserrat-Medium.ttf */; };
		B1078BCA63764ED8ADAE4610 /* PublicSans-MediumItalic.ttf in Resources */ = {isa = PBXBuildFile; fileRef = D6CA5A296EA54581BA4352C9 /* PublicSans-MediumItalic.ttf */; };
		B60A7E0AA3CB46A8AD90DB06 /* PublicSans-Bold.ttf in Resources */ = {isa = PBXBuildFile; fileRef = 72FCC452B28F46B38EDD2A49 /* PublicSans-Bold.ttf */; };
		B759981898204EB698B85107 /* Outfit-ExtraLight.ttf in Resources */ = {isa = PBXBuildFile; fileRef = 3FDBF8AF6F114770AF69A026 /* Outfit-ExtraLight.ttf */; };
		B9E347F4C4BC486D9779928A /* Outfit-SemiBold.ttf in Resources */ = {isa = PBXBuildFile; fileRef = 8FA7911DD32945729F9433F1 /* Outfit-SemiBold.ttf */; };
		BDF4286CB8CA4CE6B9BF01D8 /* PublicSans-BlackItalic.ttf in Resources */ = {isa = PBXBuildFile; fileRef = C8AE68975E514880B4A0C3B2 /* PublicSans-BlackItalic.ttf */; };
		BE5FB0A8AD83414CA9F5CEE8 /* Montserrat-ExtraBold.ttf in Resources */ = {isa = PBXBuildFile; fileRef = 2CEE222FAA0042E186C8F688 /* Montserrat-ExtraBold.ttf */; };
		C8F23514A3C84AB9992B8AD8 /* GolosText-SemiBold.ttf in Resources */ = {isa = PBXBuildFile; fileRef = 2FC978F6B9CA4F56ADE93470 /* GolosText-SemiBold.ttf */; };
		CD019BC5538A41DEAE9F860D /* Montserrat-SemiBoldItalic.ttf in Resources */ = {isa = PBXBuildFile; fileRef = CDB5AE0938744E8CAF7100E1 /* Montserrat-SemiBoldItalic.ttf */; };
		D4F19D71A9E644EFBDB92E77 /* Montserrat-LightItalic.ttf in Resources */ = {isa = PBXBuildFile; fileRef = E12FF33E02ED4121A1D3A65B /* Montserrat-LightItalic.ttf */; };
		D9664DFEC23F4F59AF04FBEF /* GolosText-ExtraBold.ttf in Resources */ = {isa = PBXBuildFile; fileRef = D44306EF4D7E476D892B79C1 /* GolosText-ExtraBold.ttf */; };
		E05694AAEB6C4E0EAD3D2624 /* Outfit-Black.ttf in Resources */ = {isa = PBXBuildFile; fileRef = 6BC99B612B424976B2FB714B /* Outfit-Black.ttf */; };
		E4D630563E5F44DAAAE8AF3C /* PublicSans-Black.ttf in Resources */ = {isa = PBXBuildFile; fileRef = 48711BC0B1A24BCDBE8D7A8E /* PublicSans-Black.ttf */; };
		EC2767E5D5714080BDCBD915 /* Montserrat-ThinItalic.ttf in Resources */ = {isa = PBXBuildFile; fileRef = 0253614AA1C04C15890309A7 /* Montserrat-ThinItalic.ttf */; };
		ED6EE8DD2C2C4C0AB4E274D1 /* Montserrat-ExtraLightItalic.ttf in Resources */ = {isa = PBXBuildFile; fileRef = 3869488AD7444DCB922C1814 /* Montserrat-ExtraLightItalic.ttf */; };
		EE82EF609E474E4A84D51554 /* Outfit-Thin.ttf in Resources */ = {isa = PBXBuildFile; fileRef = 0F52D05CDD2246139D863860 /* Outfit-Thin.ttf */; };
		F052FECF4A684600A76CE55C /* Outfit-ExtraBold.ttf in Resources */ = {isa = PBXBuildFile; fileRef = B90E4A75D1CE45C2AD36AF72 /* Outfit-ExtraBold.ttf */; };
		F2849A863621437C9A5F868F /* Outfit-Medium.ttf in Resources */ = {isa = PBXBuildFile; fileRef = 52236027F34344A5ADB0E8CA /* Outfit-Medium.ttf */; };
		FB011D99D9D3413EA05AD14E /* Montserrat-Black.ttf in Resources */ = {isa = PBXBuildFile; fileRef = B8812C406626489DB4F452D7 /* Montserrat-Black.ttf */; };
		FCAF08B4AD5B4AF7A927EDBE /* Montserrat-Regular.ttf in Resources */ = {isa = PBXBuildFile; fileRef = 71D84ADAA10447D08785203A /* Montserrat-Regular.ttf */; };
		FFA0B6BD1F584802BEFCC16B /* PublicSans-ThinItalic.ttf in Resources */ = {isa = PBXBuildFile; fileRef = A8B79CBADA3E4474B836A395 /* PublicSans-ThinItalic.ttf */; };
/* End PBXBuildFile section */

/* Begin PBXFileReference section */
		0253614AA1C04C15890309A7 /* Montserrat-ThinItalic.ttf */ = {isa = PBXFileReference; explicitFileType = undefined; fileEncoding = 9; includeInIndex = 0; lastKnownFileType = unknown; name = "Montserrat-ThinItalic.ttf"; path = "../src/assets/fonts/Montserrat-ThinItalic.ttf"; sourceTree = "<group>"; };
		0F52D05CDD2246139D863860 /* Outfit-Thin.ttf */ = {isa = PBXFileReference; explicitFileType = undefined; fileEncoding = 9; includeInIndex = 0; lastKnownFileType = unknown; name = "Outfit-Thin.ttf"; path = "../src/assets/fonts/Outfit-Thin.ttf"; sourceTree = "<group>"; };
		130337FC03D74416BFD0E734 /* PublicSans-ExtraLight.ttf */ = {isa = PBXFileReference; explicitFileType = undefined; fileEncoding = 9; includeInIndex = 0; lastKnownFileType = unknown; name = "PublicSans-ExtraLight.ttf"; path = "../src/assets/fonts/PublicSans-ExtraLight.ttf"; sourceTree = "<group>"; };
		13B07F961A680F5B00A75B9A /* somoi.app */ = {isa = PBXFileReference; explicitFileType = wrapper.application; includeInIndex = 0; path = somoi.app; sourceTree = BUILT_PRODUCTS_DIR; };
		13B07FB51A68108700A75B9A /* images.xcassets */ = {isa = PBXFileReference; lastKnownFileType = folder.assetcatalog; name = images.xcassets; path = somoi/images.xcassets; sourceTree = "<group>"; };
		13B07FB61A68108700A75B9A /* Info.plist */ = {isa = PBXFileReference; fileEncoding = 4; lastKnownFileType = text.plist.xml; name = Info.plist; path = somoi/Info.plist; sourceTree = "<group>"; };
		13B07FB81A68108700A75B9A /* PrivacyInfo.xcprivacy */ = {isa = PBXFileReference; fileEncoding = 4; lastKnownFileType = text.plist.xml; name = PrivacyInfo.xcprivacy; path = somoi/PrivacyInfo.xcprivacy; sourceTree = "<group>"; };
		2CEE222FAA0042E186C8F688 /* Montserrat-ExtraBold.ttf */ = {isa = PBXFileReference; explicitFileType = undefined; fileEncoding = 9; includeInIndex = 0; lastKnownFileType = unknown; name = "Montserrat-ExtraBold.ttf"; path = "../src/assets/fonts/Montserrat-ExtraBold.ttf"; sourceTree = "<group>"; };
		2D0A953CC068424B9A4EC3B1 /* PublicSans-ExtraLightItalic.ttf */ = {isa = PBXFileReference; explicitFileType = undefined; fileEncoding = 9; includeInIndex = 0; lastKnownFileType = unknown; name = "PublicSans-ExtraLightItalic.ttf"; path = "../src/assets/fonts/PublicSans-ExtraLightItalic.ttf"; sourceTree = "<group>"; };
		2FC978F6B9CA4F56ADE93470 /* GolosText-SemiBold.ttf */ = {isa = PBXFileReference; explicitFileType = undefined; fileEncoding = 9; includeInIndex = 0; lastKnownFileType = unknown; name = "GolosText-SemiBold.ttf"; path = "../src/assets/fonts/GolosText-SemiBold.ttf"; sourceTree = "<group>"; };
		346949939FA74D30ADB5B530 /* GolosText-Regular.ttf */ = {isa = PBXFileReference; explicitFileType = undefined; fileEncoding = 9; includeInIndex = 0; lastKnownFileType = unknown; name = "GolosText-Regular.ttf"; path = "../src/assets/fonts/GolosText-Regular.ttf"; sourceTree = "<group>"; };
		3869488AD7444DCB922C1814 /* Montserrat-ExtraLightItalic.ttf */ = {isa = PBXFileReference; explicitFileType = undefined; fileEncoding = 9; includeInIndex = 0; lastKnownFileType = unknown; name = "Montserrat-ExtraLightItalic.ttf"; path = "../src/assets/fonts/Montserrat-ExtraLightItalic.ttf"; sourceTree = "<group>"; };
		3A27FBEA8C7C7BFB024579D4 /* Pods-somoi.release.xcconfig */ = {isa = PBXFileReference; includeInIndex = 1; lastKnownFileType = text.xcconfig; name = "Pods-somoi.release.xcconfig"; path = "Target Support Files/Pods-somoi/Pods-somoi.release.xcconfig"; sourceTree = "<group>"; };
		3B5B932FD9264E8EB065B35E /* Montserrat-SemiBold.ttf */ = {isa = PBXFileReference; explicitFileType = undefined; fileEncoding = 9; includeInIndex = 0; lastKnownFileType = unknown; name = "Montserrat-SemiBold.ttf"; path = "../src/assets/fonts/Montserrat-SemiBold.ttf"; sourceTree = "<group>"; };
		3FDBF8AF6F114770AF69A026 /* Outfit-ExtraLight.ttf */ = {isa = PBXFileReference; explicitFileType = undefined; fileEncoding = 9; includeInIndex = 0; lastKnownFileType = unknown; name = "Outfit-ExtraLight.ttf"; path = "../src/assets/fonts/Outfit-ExtraLight.ttf"; sourceTree = "<group>"; };
		48711BC0B1A24BCDBE8D7A8E /* PublicSans-Black.ttf */ = {isa = PBXFileReference; explicitFileType = undefined; fileEncoding = 9; includeInIndex = 0; lastKnownFileType = unknown; name = "PublicSans-Black.ttf"; path = "../src/assets/fonts/PublicSans-Black.ttf"; sourceTree = "<group>"; };
		4D5AB6F92E2B443A847C7ABE /* PublicSans-ExtraBold.ttf */ = {isa = PBXFileReference; explicitFileType = undefined; fileEncoding = 9; includeInIndex = 0; lastKnownFileType = unknown; name = "PublicSans-ExtraBold.ttf"; path = "../src/assets/fonts/PublicSans-ExtraBold.ttf"; sourceTree = "<group>"; };
		4DD2EAFE4B9F4D6D8BB7E33D /* Montserrat-Medium.ttf */ = {isa = PBXFileReference; explicitFileType = undefined; fileEncoding = 9; includeInIndex = 0; lastKnownFileType = unknown; name = "Montserrat-Medium.ttf"; path = "../src/assets/fonts/Montserrat-Medium.ttf"; sourceTree = "<group>"; };
		52236027F34344A5ADB0E8CA /* Outfit-Medium.ttf */ = {isa = PBXFileReference; explicitFileType = undefined; fileEncoding = 9; includeInIndex = 0; lastKnownFileType = unknown; name = "Outfit-Medium.ttf"; path = "../src/assets/fonts/Outfit-Medium.ttf"; sourceTree = "<group>"; };
		534D0BCF9B034B95AA5B4D33 /* PublicSans-SemiBold.ttf */ = {isa = PBXFileReference; explicitFileType = undefined; fileEncoding = 9; includeInIndex = 0; lastKnownFileType = unknown; name = "PublicSans-SemiBold.ttf"; path = "../src/assets/fonts/PublicSans-SemiBold.ttf"; sourceTree = "<group>"; };
		5375E74BEAF94F2996DAECAA /* GolosText-Bold.ttf */ = {isa = PBXFileReference; explicitFileType = undefined; fileEncoding = 9; includeInIndex = 0; lastKnownFileType = unknown; name = "GolosText-Bold.ttf"; path = "../src/assets/fonts/GolosText-Bold.ttf"; sourceTree = "<group>"; };
		53C7C35C132447EFB350BC38 /* PublicSans-Thin.ttf */ = {isa = PBXFileReference; explicitFileType = undefined; fileEncoding = 9; includeInIndex = 0; lastKnownFileType = unknown; name = "PublicSans-Thin.ttf"; path = "../src/assets/fonts/PublicSans-Thin.ttf"; sourceTree = "<group>"; };
		5D9C43B62E5F1F050047F238 /* somoi.entitlements */ = {isa = PBXFileReference; lastKnownFileType = text.plist.entitlements; name = somoi.entitlements; path = somoi/somoi.entitlements; sourceTree = "<group>"; };
		5DDA7AB02DED879A00A564AB /* CryptLib.h */ = {isa = PBXFileReference; lastKnownFileType = sourcecode.c.h; path = CryptLib.h; sourceTree = "<group>"; };
		5DDA7AB12DED879A00A564AB /* CryptLib.m */ = {isa = PBXFileReference; lastKnownFileType = sourcecode.c.objc; path = CryptLib.m; sourceTree = "<group>"; };
		5DDA7AB22DED879A00A564AB /* NativeEncryption.m */ = {isa = PBXFileReference; lastKnownFileType = sourcecode.c.objc; path = NativeEncryption.m; sourceTree = "<group>"; };
		5DDA7AB32DED879A00A564AB /* NativeEncryption.swift */ = {isa = PBXFileReference; lastKnownFileType = sourcecode.swift; path = NativeEncryption.swift; sourceTree = "<group>"; };
		5DDA7AB72DED879D00A564AB /* somoi-Bridging-Header.h */ = {isa = PBXFileReference; lastKnownFileType = sourcecode.c.h; path = "somoi-Bridging-Header.h"; sourceTree = "<group>"; };
		5DE03C2C2E5DC264000A8085 /* GoogleService-Info.plist */ = {isa = PBXFileReference; lastKnownFileType = text.plist.xml; path = "GoogleService-Info.plist"; sourceTree = "<group>"; };
		60D637E03F77340C176E8649 /* Pods-somoi.debug.xcconfig */ = {isa = PBXFileReference; includeInIndex = 1; lastKnownFileType = text.xcconfig; name = "Pods-somoi.debug.xcconfig"; path = "Target Support Files/Pods-somoi/Pods-somoi.debug.xcconfig"; sourceTree = "<group>"; };
		67E4BDEE60C94CC2A1F476A2 /* Montserrat-BlackItalic.ttf */ = {isa = PBXFileReference; explicitFileType = undefined; fileEncoding = 9; includeInIndex = 0; lastKnownFileType = unknown; name = "Montserrat-BlackItalic.ttf"; path = "../src/assets/fonts/Montserrat-BlackItalic.ttf"; sourceTree = "<group>"; };
		68359B4034924F7F94D91780 /* GolosText-Medium.ttf */ = {isa = PBXFileReference; explicitFileType = undefined; fileEncoding = 9; includeInIndex = 0; lastKnownFileType = unknown; name = "GolosText-Medium.ttf"; path = "../src/assets/fonts/GolosText-Medium.ttf"; sourceTree = "<group>"; };
		69CFEEF2DDC14643A82B857A /* PublicSans-Italic.ttf */ = {isa = PBXFileReference; explicitFileType = undefined; fileEncoding = 9; includeInIndex = 0; lastKnownFileType = unknown; name = "PublicSans-Italic.ttf"; path = "../src/assets/fonts/PublicSans-Italic.ttf"; sourceTree = "<group>"; };
		6BC99B612B424976B2FB714B /* Outfit-Black.ttf */ = {isa = PBXFileReference; explicitFileType = undefined; fileEncoding = 9; includeInIndex = 0; lastKnownFileType = unknown; name = "Outfit-Black.ttf"; path = "../src/assets/fonts/Outfit-Black.ttf"; sourceTree = "<group>"; };
		71D84ADAA10447D08785203A /* Montserrat-Regular.ttf */ = {isa = PBXFileReference; explicitFileType = undefined; fileEncoding = 9; includeInIndex = 0; lastKnownFileType = unknown; name = "Montserrat-Regular.ttf"; path = "../src/assets/fonts/Montserrat-Regular.ttf"; sourceTree = "<group>"; };
		72FCC452B28F46B38EDD2A49 /* PublicSans-Bold.ttf */ = {isa = PBXFileReference; explicitFileType = undefined; fileEncoding = 9; includeInIndex = 0; lastKnownFileType = unknown; name = "PublicSans-Bold.ttf"; path = "../src/assets/fonts/PublicSans-Bold.ttf"; sourceTree = "<group>"; };
		761780EC2CA45674006654EE /* AppDelegate.swift */ = {isa = PBXFileReference; lastKnownFileType = sourcecode.swift; name = AppDelegate.swift; path = somoi/AppDelegate.swift; sourceTree = "<group>"; };
		80E383F2FAEA4D70A92C6905 /* Montserrat-BoldItalic.ttf */ = {isa = PBXFileReference; explicitFileType = undefined; fileEncoding = 9; includeInIndex = 0; lastKnownFileType = unknown; name = "Montserrat-BoldItalic.ttf"; path = "../src/assets/fonts/Montserrat-BoldItalic.ttf"; sourceTree = "<group>"; };
		81AB9BB72411601600AC10FF /* LaunchScreen.storyboard */ = {isa = PBXFileReference; fileEncoding = 4; lastKnownFileType = file.storyboard; name = LaunchScreen.storyboard; path = somoi/LaunchScreen.storyboard; sourceTree = "<group>"; };
		8A4A6E0BBF5C4478A8E6895B /* Montserrat-Light.ttf */ = {isa = PBXFileReference; explicitFileType = undefined; fileEncoding = 9; includeInIndex = 0; lastKnownFileType = unknown; name = "Montserrat-Light.ttf"; path = "../src/assets/fonts/Montserrat-Light.ttf"; sourceTree = "<group>"; };
		8FA7911DD32945729F9433F1 /* Outfit-SemiBold.ttf */ = {isa = PBXFileReference; explicitFileType = undefined; fileEncoding = 9; includeInIndex = 0; lastKnownFileType = unknown; name = "Outfit-SemiBold.ttf"; path = "../src/assets/fonts/Outfit-SemiBold.ttf"; sourceTree = "<group>"; };
		95F997EBF5F64D4C832C4B97 /* Montserrat-Thin.ttf */ = {isa = PBXFileReference; explicitFileType = undefined; fileEncoding = 9; includeInIndex = 0; lastKnownFileType = unknown; name = "Montserrat-Thin.ttf"; path = "../src/assets/fonts/Montserrat-Thin.ttf"; sourceTree = "<group>"; };
		99F72DD2C0844D85BD0505CF /* PublicSans-LightItalic.ttf */ = {isa = PBXFileReference; explicitFileType = undefined; fileEncoding = 9; includeInIndex = 0; lastKnownFileType = unknown; name = "PublicSans-LightItalic.ttf"; path = "../src/assets/fonts/PublicSans-LightItalic.ttf"; sourceTree = "<group>"; };
		9D7A470B96E34B6887AE0780 /* PublicSans-Light.ttf */ = {isa = PBXFileReference; explicitFileType = undefined; fileEncoding = 9; includeInIndex = 0; lastKnownFileType = unknown; name = "PublicSans-Light.ttf"; path = "../src/assets/fonts/PublicSans-Light.ttf"; sourceTree = "<group>"; };
		9DBE09CF21CA4EDDADE328EB /* PublicSans-BoldItalic.ttf */ = {isa = PBXFileReference; explicitFileType = undefined; fileEncoding = 9; includeInIndex = 0; lastKnownFileType = unknown; name = "PublicSans-BoldItalic.ttf"; path = "../src/assets/fonts/PublicSans-BoldItalic.ttf"; sourceTree = "<group>"; };
		A47542DFBE09441AB6EF34A9 /* PublicSans-SemiBoldItalic.ttf */ = {isa = PBXFileReference; explicitFileType = undefined; fileEncoding = 9; includeInIndex = 0; lastKnownFileType = unknown; name = "PublicSans-SemiBoldItalic.ttf"; path = "../src/assets/fonts/PublicSans-SemiBoldItalic.ttf"; sourceTree = "<group>"; };
		A8B79CBADA3E4474B836A395 /* PublicSans-ThinItalic.ttf */ = {isa = PBXFileReference; explicitFileType = undefined; fileEncoding = 9; includeInIndex = 0; lastKnownFileType = unknown; name = "PublicSans-ThinItalic.ttf"; path = "../src/assets/fonts/PublicSans-ThinItalic.ttf"; sourceTree = "<group>"; };
		A9D8B94FF2194A9EA6625294 /* GolosText-Black.ttf */ = {isa = PBXFileReference; explicitFileType = undefined; fileEncoding = 9; includeInIndex = 0; lastKnownFileType = unknown; name = "GolosText-Black.ttf"; path = "../src/assets/fonts/GolosText-Black.ttf"; sourceTree = "<group>"; };
		B8812C406626489DB4F452D7 /* Montserrat-Black.ttf */ = {isa = PBXFileReference; explicitFileType = undefined; fileEncoding = 9; includeInIndex = 0; lastKnownFileType = unknown; name = "Montserrat-Black.ttf"; path = "../src/assets/fonts/Montserrat-Black.ttf"; sourceTree = "<group>"; };
		B90E4A75D1CE45C2AD36AF72 /* Outfit-ExtraBold.ttf */ = {isa = PBXFileReference; explicitFileType = undefined; fileEncoding = 9; includeInIndex = 0; lastKnownFileType = unknown; name = "Outfit-ExtraBold.ttf"; path = "../src/assets/fonts/Outfit-ExtraBold.ttf"; sourceTree = "<group>"; };
		C40A48B9A55743DDA7A94338 /* PublicSans-ExtraBoldItalic.ttf */ = {isa = PBXFileReference; explicitFileType = undefined; fileEncoding = 9; includeInIndex = 0; lastKnownFileType = unknown; name = "PublicSans-ExtraBoldItalic.ttf"; path = "../src/assets/fonts/PublicSans-ExtraBoldItalic.ttf"; sourceTree = "<group>"; };
		C8AE68975E514880B4A0C3B2 /* PublicSans-BlackItalic.ttf */ = {isa = PBXFileReference; explicitFileType = undefined; fileEncoding = 9; includeInIndex = 0; lastKnownFileType = unknown; name = "PublicSans-BlackItalic.ttf"; path = "../src/assets/fonts/PublicSans-BlackItalic.ttf"; sourceTree = "<group>"; };
		C9C2B666F3184E9BBF6641AE /* Outfit-Bold.ttf */ = {isa = PBXFileReference; explicitFileType = undefined; fileEncoding = 9; includeInIndex = 0; lastKnownFileType = unknown; name = "Outfit-Bold.ttf"; path = "../src/assets/fonts/Outfit-Bold.ttf"; sourceTree = "<group>"; };
		CDB5AE0938744E8CAF7100E1 /* Montserrat-SemiBoldItalic.ttf */ = {isa = PBXFileReference; explicitFileType = undefined; fileEncoding = 9; includeInIndex = 0; lastKnownFileType = unknown; name = "Montserrat-SemiBoldItalic.ttf"; path = "../src/assets/fonts/Montserrat-SemiBoldItalic.ttf"; sourceTree = "<group>"; };
		D3E9C36EE69F4384BD3A058F /* Montserrat-ExtraLight.ttf */ = {isa = PBXFileReference; explicitFileType = undefined; fileEncoding = 9; includeInIndex = 0; lastKnownFileType = unknown; name = "Montserrat-ExtraLight.ttf"; path = "../src/assets/fonts/Montserrat-ExtraLight.ttf"; sourceTree = "<group>"; };
		D44306EF4D7E476D892B79C1 /* GolosText-ExtraBold.ttf */ = {isa = PBXFileReference; explicitFileType = undefined; fileEncoding = 9; includeInIndex = 0; lastKnownFileType = unknown; name = "GolosText-ExtraBold.ttf"; path = "../src/assets/fonts/GolosText-ExtraBold.ttf"; sourceTree = "<group>"; };
		D6CA5A296EA54581BA4352C9 /* PublicSans-MediumItalic.ttf */ = {isa = PBXFileReference; explicitFileType = undefined; fileEncoding = 9; includeInIndex = 0; lastKnownFileType = unknown; name = "PublicSans-MediumItalic.ttf"; path = "../src/assets/fonts/PublicSans-MediumItalic.ttf"; sourceTree = "<group>"; };
		D81A15C78C3C49E1BEF360C3 /* Montserrat-Italic.ttf */ = {isa = PBXFileReference; explicitFileType = undefined; fileEncoding = 9; includeInIndex = 0; lastKnownFileType = unknown; name = "Montserrat-Italic.ttf"; path = "../src/assets/fonts/Montserrat-Italic.ttf"; sourceTree = "<group>"; };
		E12FF33E02ED4121A1D3A65B /* Montserrat-LightItalic.ttf */ = {isa = PBXFileReference; explicitFileType = undefined; fileEncoding = 9; includeInIndex = 0; lastKnownFileType = unknown; name = "Montserrat-LightItalic.ttf"; path = "../src/assets/fonts/Montserrat-LightItalic.ttf"; sourceTree = "<group>"; };
		E8AF3B9C878941ED88F47889 /* Montserrat-Bold.ttf */ = {isa = PBXFileReference; explicitFileType = undefined; fileEncoding = 9; includeInIndex = 0; lastKnownFileType = unknown; name = "Montserrat-Bold.ttf"; path = "../src/assets/fonts/Montserrat-Bold.ttf"; sourceTree = "<group>"; };
		EA43D805E14248E8A9B13B64 /* Montserrat-ExtraBoldItalic.ttf */ = {isa = PBXFileReference; explicitFileType = undefined; fileEncoding = 9; includeInIndex = 0; lastKnownFileType = unknown; name = "Montserrat-ExtraBoldItalic.ttf"; path = "../src/assets/fonts/Montserrat-ExtraBoldItalic.ttf"; sourceTree = "<group>"; };
		EB8A1A6F19FE04CA31DB1CBD /* Pods_somoi.framework */ = {isa = PBXFileReference; explicitFileType = wrapper.framework; includeInIndex = 0; path = Pods_somoi.framework; sourceTree = BUILT_PRODUCTS_DIR; };
		EC3CAD3E3C3B424391AB5BC6 /* PublicSans-Medium.ttf */ = {isa = PBXFileReference; explicitFileType = undefined; fileEncoding = 9; includeInIndex = 0; lastKnownFileType = unknown; name = "PublicSans-Medium.ttf"; path = "../src/assets/fonts/PublicSans-Medium.ttf"; sourceTree = "<group>"; };
		ED297162215061F000B7C4FE /* JavaScriptCore.framework */ = {isa = PBXFileReference; lastKnownFileType = wrapper.framework; name = JavaScriptCore.framework; path = System/Library/Frameworks/JavaScriptCore.framework; sourceTree = SDKROOT; };
		EEFFCEB543E249AB82811EC2 /* PublicSans-Regular.ttf */ = {isa = PBXFileReference; explicitFileType = undefined; fileEncoding = 9; includeInIndex = 0; lastKnownFileType = unknown; name = "PublicSans-Regular.ttf"; path = "../src/assets/fonts/PublicSans-Regular.ttf"; sourceTree = "<group>"; };
		F0C6B32BA1A5416BAB249268 /* Outfit-Regular.ttf */ = {isa = PBXFileReference; explicitFileType = undefined; fileEncoding = 9; includeInIndex = 0; lastKnownFileType = unknown; name = "Outfit-Regular.ttf"; path = "../src/assets/fonts/Outfit-Regular.ttf"; sourceTree = "<group>"; };
		F8D4C5D953C94B97B5C3D737 /* Montserrat-MediumItalic.ttf */ = {isa = PBXFileReference; explicitFileType = undefined; fileEncoding = 9; includeInIndex = 0; lastKnownFileType = unknown; name = "Montserrat-MediumItalic.ttf"; path = "../src/assets/fonts/Montserrat-MediumItalic.ttf"; sourceTree = "<group>"; };
		FD3457C8EE8B4263A3502BBE /* Outfit-Light.ttf */ = {isa = PBXFileReference; explicitFileType = undefined; fileEncoding = 9; includeInIndex = 0; lastKnownFileType = unknown; name = "Outfit-Light.ttf"; path = "../src/assets/fonts/Outfit-Light.ttf"; sourceTree = "<group>"; };
/* End PBXFileReference section */

/* Begin PBXFrameworksBuildPhase section */
		13B07F8C1A680F5B00A75B9A /* Frameworks */ = {
			isa = PBXFrameworksBuildPhase;
			buildActionMask = 2147483647;
			files = (
				84945939325F0DAC6AC3FCF4 /* Pods_somoi.framework in Frameworks */,
			);
			runOnlyForDeploymentPostprocessing = 0;
		};
/* End PBXFrameworksBuildPhase section */

/* Begin PBXGroup section */
		13B07FAE1A68108700A75B9A /* somoi */ = {
			isa = PBXGroup;
			children = (
				5D9C43B62E5F1F050047F238 /* somoi.entitlements */,
				5DE03C2C2E5DC264000A8085 /* GoogleService-Info.plist */,
				5DDA7AB02DED879A00A564AB /* CryptLib.h */,
				5DDA7AB12DED879A00A564AB /* CryptLib.m */,
				5DDA7AB22DED879A00A564AB /* NativeEncryption.m */,
				5DDA7AB32DED879A00A564AB /* NativeEncryption.swift */,
				13B07FB51A68108700A75B9A /* images.xcassets */,
				761780EC2CA45674006654EE /* AppDelegate.swift */,
				13B07FB61A68108700A75B9A /* Info.plist */,
				81AB9BB72411601600AC10FF /* LaunchScreen.storyboard */,
				13B07FB81A68108700A75B9A /* PrivacyInfo.xcprivacy */,
				5DDA7AB72DED879D00A564AB /* somoi-Bridging-Header.h */,
			);
			name = somoi;
			sourceTree = "<group>";
		};
		2D16E6871FA4F8E400B85C8A /* Frameworks */ = {
			isa = PBXGroup;
			children = (
				ED297162215061F000B7C4FE /* JavaScriptCore.framework */,
				EB8A1A6F19FE04CA31DB1CBD /* Pods_somoi.framework */,
			);
			name = Frameworks;
			sourceTree = "<group>";
		};
		43133B3ED958477C802A2BEE /* Resources */ = {
			isa = PBXGroup;
			children = (
				B8812C406626489DB4F452D7 /* Montserrat-Black.ttf */,
				67E4BDEE60C94CC2A1F476A2 /* Montserrat-BlackItalic.ttf */,
				E8AF3B9C878941ED88F47889 /* Montserrat-Bold.ttf */,
				80E383F2FAEA4D70A92C6905 /* Montserrat-BoldItalic.ttf */,
				2CEE222FAA0042E186C8F688 /* Montserrat-ExtraBold.ttf */,
				EA43D805E14248E8A9B13B64 /* Montserrat-ExtraBoldItalic.ttf */,
				D3E9C36EE69F4384BD3A058F /* Montserrat-ExtraLight.ttf */,
				3869488AD7444DCB922C1814 /* Montserrat-ExtraLightItalic.ttf */,
				D81A15C78C3C49E1BEF360C3 /* Montserrat-Italic.ttf */,
				8A4A6E0BBF5C4478A8E6895B /* Montserrat-Light.ttf */,
				E12FF33E02ED4121A1D3A65B /* Montserrat-LightItalic.ttf */,
				4DD2EAFE4B9F4D6D8BB7E33D /* Montserrat-Medium.ttf */,
				F8D4C5D953C94B97B5C3D737 /* Montserrat-MediumItalic.ttf */,
				71D84ADAA10447D08785203A /* Montserrat-Regular.ttf */,
				3B5B932FD9264E8EB065B35E /* Montserrat-SemiBold.ttf */,
				CDB5AE0938744E8CAF7100E1 /* Montserrat-SemiBoldItalic.ttf */,
				95F997EBF5F64D4C832C4B97 /* Montserrat-Thin.ttf */,
				0253614AA1C04C15890309A7 /* Montserrat-ThinItalic.ttf */,
				6BC99B612B424976B2FB714B /* Outfit-Black.ttf */,
				C9C2B666F3184E9BBF6641AE /* Outfit-Bold.ttf */,
				B90E4A75D1CE45C2AD36AF72 /* Outfit-ExtraBold.ttf */,
				3FDBF8AF6F114770AF69A026 /* Outfit-ExtraLight.ttf */,
				FD3457C8EE8B4263A3502BBE /* Outfit-Light.ttf */,
				52236027F34344A5ADB0E8CA /* Outfit-Medium.ttf */,
				F0C6B32BA1A5416BAB249268 /* Outfit-Regular.ttf */,
				8FA7911DD32945729F9433F1 /* Outfit-SemiBold.ttf */,
				0F52D05CDD2246139D863860 /* Outfit-Thin.ttf */,
				A9D8B94FF2194A9EA6625294 /* GolosText-Black.ttf */,
				5375E74BEAF94F2996DAECAA /* GolosText-Bold.ttf */,
				D44306EF4D7E476D892B79C1 /* GolosText-ExtraBold.ttf */,
				68359B4034924F7F94D91780 /* GolosText-Medium.ttf */,
				346949939FA74D30ADB5B530 /* GolosText-Regular.ttf */,
				2FC978F6B9CA4F56ADE93470 /* GolosText-SemiBold.ttf */,
				48711BC0B1A24BCDBE8D7A8E /* PublicSans-Black.ttf */,
				C8AE68975E514880B4A0C3B2 /* PublicSans-BlackItalic.ttf */,
				72FCC452B28F46B38EDD2A49 /* PublicSans-Bold.ttf */,
				9DBE09CF21CA4EDDADE328EB /* PublicSans-BoldItalic.ttf */,
				4D5AB6F92E2B443A847C7ABE /* PublicSans-ExtraBold.ttf */,
				C40A48B9A55743DDA7A94338 /* PublicSans-ExtraBoldItalic.ttf */,
				130337FC03D74416BFD0E734 /* PublicSans-ExtraLight.ttf */,
				2D0A953CC068424B9A4EC3B1 /* PublicSans-ExtraLightItalic.ttf */,
				69CFEEF2DDC14643A82B857A /* PublicSans-Italic.ttf */,
				9D7A470B96E34B6887AE0780 /* PublicSans-Light.ttf */,
				99F72DD2C0844D85BD0505CF /* PublicSans-LightItalic.ttf */,
				EC3CAD3E3C3B424391AB5BC6 /* PublicSans-Medium.ttf */,
				D6CA5A296EA54581BA4352C9 /* PublicSans-MediumItalic.ttf */,
				EEFFCEB543E249AB82811EC2 /* PublicSans-Regular.ttf */,
				534D0BCF9B034B95AA5B4D33 /* PublicSans-SemiBold.ttf */,
				A47542DFBE09441AB6EF34A9 /* PublicSans-SemiBoldItalic.ttf */,
				53C7C35C132447EFB350BC38 /* PublicSans-Thin.ttf */,
				A8B79CBADA3E4474B836A395 /* PublicSans-ThinItalic.ttf */,
			);
			name = Resources;
			sourceTree = "<group>";
		};
		832341AE1AAA6A7D00B99B32 /* Libraries */ = {
			isa = PBXGroup;
			children = (
			);
			name = Libraries;
			sourceTree = "<group>";
		};
		83CBB9F61A601CBA00E9B192 = {
			isa = PBXGroup;
			children = (
				13B07FAE1A68108700A75B9A /* somoi */,
				832341AE1AAA6A7D00B99B32 /* Libraries */,
				83CBBA001A601CBA00E9B192 /* Products */,
				2D16E6871FA4F8E400B85C8A /* Frameworks */,
				BBD78D7AC51CEA395F1C20DB /* Pods */,
				43133B3ED958477C802A2BEE /* Resources */,
			);
			indentWidth = 2;
			sourceTree = "<group>";
			tabWidth = 2;
			usesTabs = 0;
		};
		83CBBA001A601CBA00E9B192 /* Products */ = {
			isa = PBXGroup;
			children = (
				13B07F961A680F5B00A75B9A /* somoi.app */,
			);
			name = Products;
			sourceTree = "<group>";
		};
		BBD78D7AC51CEA395F1C20DB /* Pods */ = {
			isa = PBXGroup;
			children = (
				60D637E03F77340C176E8649 /* Pods-somoi.debug.xcconfig */,
				3A27FBEA8C7C7BFB024579D4 /* Pods-somoi.release.xcconfig */,
			);
			path = Pods;
			sourceTree = "<group>";
		};
/* End PBXGroup section */

/* Begin PBXNativeTarget section */
		13B07F861A680F5B00A75B9A /* somoi */ = {
			isa = PBXNativeTarget;
			buildConfigurationList = 13B07F931A680F5B00A75B9A /* Build configuration list for PBXNativeTarget "somoi" */;
			buildPhases = (
				0CA9F5B02DF0FFCC388EC13E /* [CP] Check Pods Manifest.lock */,
				13B07F871A680F5B00A75B9A /* Sources */,
				13B07F8C1A680F5B00A75B9A /* Frameworks */,
				13B07F8E1A680F5B00A75B9A /* Resources */,
				00DD1BFF1BD5951E006B06BC /* Bundle React Native code and images */,
				209C1A152947471DAF3B665A /* [CP] Embed Pods Frameworks */,
				BC4F1BC32787C2E1C2998F03 /* [CP] Copy Pods Resources */,
				8B4EC351540F02B084206A5A /* [CP-User] [RNFB] Core Configuration */,
			);
			buildRules = (
			);
			dependencies = (
			);
			name = somoi;
			productName = somoi;
			productReference = 13B07F961A680F5B00A75B9A /* somoi.app */;
			productType = "com.apple.product-type.application";
		};
/* End PBXNativeTarget section */

/* Begin PBXProject section */
		83CBB9F71A601CBA00E9B192 /* Project object */ = {
			isa = PBXProject;
			attributes = {
				LastUpgradeCheck = 1210;
				TargetAttributes = {
					13B07F861A680F5B00A75B9A = {
						LastSwiftMigration = 1620;
					};
				};
			};
			buildConfigurationList = 83CBB9FA1A601CBA00E9B192 /* Build configuration list for PBXProject "somoi" */;
			compatibilityVersion = "Xcode 12.0";
			developmentRegion = en;
			hasScannedForEncodings = 0;
			knownRegions = (
				en,
				Base,
			);
			mainGroup = 83CBB9F61A601CBA00E9B192;
			productRefGroup = 83CBBA001A601CBA00E9B192 /* Products */;
			projectDirPath = "";
			projectRoot = "";
			targets = (
				13B07F861A680F5B00A75B9A /* somoi */,
			);
		};
/* End PBXProject section */

/* Begin PBXResourcesBuildPhase section */
		13B07F8E1A680F5B00A75B9A /* Resources */ = {
			isa = PBXResourcesBuildPhase;
			buildActionMask = 2147483647;
			files = (
				81AB9BB82411601600AC10FF /* LaunchScreen.storyboard in Resources */,
				13B07FBF1A68108700A75B9A /* images.xcassets in Resources */,
				0425E081948963979B818710 /* PrivacyInfo.xcprivacy in Resources */,
				FB011D99D9D3413EA05AD14E /* Montserrat-Black.ttf in Resources */,
				3A2599FC2B904E7E87508897 /* Montserrat-BlackItalic.ttf in Resources */,
				51CCAFD8823948E5A2C84D5A /* Montserrat-Bold.ttf in Resources */,
				695C9ACA91AC4D848ED2F907 /* Montserrat-BoldItalic.ttf in Resources */,
				BE5FB0A8AD83414CA9F5CEE8 /* Montserrat-ExtraBold.ttf in Resources */,
				2F46556921D44E82A431FE61 /* Montserrat-ExtraBoldItalic.ttf in Resources */,
				072D278E0ECE42DF8C30447E /* Montserrat-ExtraLight.ttf in Resources */,
				ED6EE8DD2C2C4C0AB4E274D1 /* Montserrat-ExtraLightItalic.ttf in Resources */,
				3A342E8BD0C1413ABF9BCCDD /* Montserrat-Italic.ttf in Resources */,
				53978242C1D946CE9432758B /* Montserrat-Light.ttf in Resources */,
				D4F19D71A9E644EFBDB92E77 /* Montserrat-LightItalic.ttf in Resources */,
				96E7E19624BA4F26923D479A /* Montserrat-Medium.ttf in Resources */,
				7666F9566E1B41389A82F070 /* Montserrat-MediumItalic.ttf in Resources */,
				FCAF08B4AD5B4AF7A927EDBE /* Montserrat-Regular.ttf in Resources */,
				50C39DF4CB5041DB971C3AF2 /* Montserrat-SemiBold.ttf in Resources */,
				CD019BC5538A41DEAE9F860D /* Montserrat-SemiBoldItalic.ttf in Resources */,
				82457309D1EB4BA784CDAE92 /* Montserrat-Thin.ttf in Resources */,
				EC2767E5D5714080BDCBD915 /* Montserrat-ThinItalic.ttf in Resources */,
				E05694AAEB6C4E0EAD3D2624 /* Outfit-Black.ttf in Resources */,
				037C55BA56454BD8A6841C95 /* Outfit-Bold.ttf in Resources */,
				F052FECF4A684600A76CE55C /* Outfit-ExtraBold.ttf in Resources */,
				B759981898204EB698B85107 /* Outfit-ExtraLight.ttf in Resources */,
				6C8A61D2055E486CA0DD41B8 /* Outfit-Light.ttf in Resources */,
				F2849A863621437C9A5F868F /* Outfit-Medium.ttf in Resources */,
				38BCED23FD484CF6A001B2B8 /* Outfit-Regular.ttf in Resources */,
				B9E347F4C4BC486D9779928A /* Outfit-SemiBold.ttf in Resources */,
				EE82EF609E474E4A84D51554 /* Outfit-Thin.ttf in Resources */,
				1F7605F65E394C83B6F42E26 /* GolosText-Black.ttf in Resources */,
				346EB3DB860E4F52BE975E60 /* GolosText-Bold.ttf in Resources */,
				D9664DFEC23F4F59AF04FBEF /* GolosText-ExtraBold.ttf in Resources */,
				5BE9B9E7E80143C88056F520 /* GolosText-Medium.ttf in Resources */,
				13C6937210104D5ABEFB7885 /* GolosText-Regular.ttf in Resources */,
				C8F23514A3C84AB9992B8AD8 /* GolosText-SemiBold.ttf in Resources */,
				E4D630563E5F44DAAAE8AF3C /* PublicSans-Black.ttf in Resources */,
				BDF4286CB8CA4CE6B9BF01D8 /* PublicSans-BlackItalic.ttf in Resources */,
				B60A7E0AA3CB46A8AD90DB06 /* PublicSans-Bold.ttf in Resources */,
				045D840CB5864D94B086EF03 /* PublicSans-BoldItalic.ttf in Resources */,
				6F207DE0CFB4409B89418075 /* PublicSans-ExtraBold.ttf in Resources */,
				8240DAB5FC184DFC927D0434 /* PublicSans-ExtraBoldItalic.ttf in Resources */,
				8286B30D4FFC435CB6DCEA07 /* PublicSans-ExtraLight.ttf in Resources */,
				58B10E2540384BB5896003D2 /* PublicSans-ExtraLightItalic.ttf in Resources */,
				6ECA134F11A84EB4AFD01AD9 /* PublicSans-Italic.ttf in Resources */,
				7748147BE34A42B6A0BB4027 /* PublicSans-Light.ttf in Resources */,
				4C8DD5C2E1B14A58AC2FD306 /* PublicSans-LightItalic.ttf in Resources */,
				28215B87821A4291B203360D /* PublicSans-Medium.ttf in Resources */,
				B1078BCA63764ED8ADAE4610 /* PublicSans-MediumItalic.ttf in Resources */,
				636FF512C90142C3A4871902 /* PublicSans-Regular.ttf in Resources */,
				0018DEEB09A84367B640A219 /* PublicSans-SemiBold.ttf in Resources */,
				93D7C094038C45D4930BA337 /* PublicSans-SemiBoldItalic.ttf in Resources */,
				5DE03C2D2E5DC264000A8085 /* GoogleService-Info.plist in Resources */,
				6480CD1E040C43B89A279BD4 /* PublicSans-Thin.ttf in Resources */,
				FFA0B6BD1F584802BEFCC16B /* PublicSans-ThinItalic.ttf in Resources */,
			);
			runOnlyForDeploymentPostprocessing = 0;
		};
/* End PBXResourcesBuildPhase section */

/* Begin PBXShellScriptBuildPhase section */
		00DD1BFF1BD5951E006B06BC /* Bundle React Native code and images */ = {
			isa = PBXShellScriptBuildPhase;
			buildActionMask = 2147483647;
			files = (
			);
			inputPaths = (
				"$(SRCROOT)/.xcode.env.local",
				"$(SRCROOT)/.xcode.env",
			);
			name = "Bundle React Native code and images";
			outputPaths = (
			);
			runOnlyForDeploymentPostprocessing = 0;
			shellPath = /bin/sh;
			shellScript = "set -e\n\nWITH_ENVIRONMENT=\"$REACT_NATIVE_PATH/scripts/xcode/with-environment.sh\"\nREACT_NATIVE_XCODE=\"$REACT_NATIVE_PATH/scripts/react-native-xcode.sh\"\n\n/bin/sh -c \"$WITH_ENVIRONMENT $REACT_NATIVE_XCODE\"\n";
		};
		0CA9F5B02DF0FFCC388EC13E /* [CP] Check Pods Manifest.lock */ = {
			isa = PBXShellScriptBuildPhase;
			buildActionMask = 2147483647;
			files = (
			);
			inputFileListPaths = (
			);
			inputPaths = (
				"${PODS_PODFILE_DIR_PATH}/Podfile.lock",
				"${PODS_ROOT}/Manifest.lock",
			);
			name = "[CP] Check Pods Manifest.lock";
			outputFileListPaths = (
			);
			outputPaths = (
				"$(DERIVED_FILE_DIR)/Pods-somoi-checkManifestLockResult.txt",
			);
			runOnlyForDeploymentPostprocessing = 0;
			shellPath = /bin/sh;
			shellScript = "diff \"${PODS_PODFILE_DIR_PATH}/Podfile.lock\" \"${PODS_ROOT}/Manifest.lock\" > /dev/null\nif [ $? != 0 ] ; then\n    # print error to STDERR\n    echo \"error: The sandbox is not in sync with the Podfile.lock. Run 'pod install' or update your CocoaPods installation.\" >&2\n    exit 1\nfi\n# This output is used by Xcode 'outputs' to avoid re-running this script phase.\necho \"SUCCESS\" > \"${SCRIPT_OUTPUT_FILE_0}\"\n";
			showEnvVarsInLog = 0;
		};
		209C1A152947471DAF3B665A /* [CP] Embed Pods Frameworks */ = {
			isa = PBXShellScriptBuildPhase;
			buildActionMask = 2147483647;
			files = (
			);
			inputFileListPaths = (
				"${PODS_ROOT}/Target Support Files/Pods-somoi/Pods-somoi-frameworks-${CONFIGURATION}-input-files.xcfilelist",
			);
			name = "[CP] Embed Pods Frameworks";
			outputFileListPaths = (
				"${PODS_ROOT}/Target Support Files/Pods-somoi/Pods-somoi-frameworks-${CONFIGURATION}-output-files.xcfilelist",
			);
			runOnlyForDeploymentPostprocessing = 0;
			shellPath = /bin/sh;
			shellScript = "\"${PODS_ROOT}/Target Support Files/Pods-somoi/Pods-somoi-frameworks.sh\"\n";
			showEnvVarsInLog = 0;
		};
		8B4EC351540F02B084206A5A /* [CP-User] [RNFB] Core Configuration */ = {
			isa = PBXShellScriptBuildPhase;
			buildActionMask = 2147483647;
			files = (
			);
			inputPaths = (
				"$(BUILT_PRODUCTS_DIR)/$(INFOPLIST_PATH)",
			);
			name = "[CP-User] [RNFB] Core Configuration";
			runOnlyForDeploymentPostprocessing = 0;
			shellPath = /bin/sh;
			shellScript = "#!/usr/bin/env bash\n#\n# Copyright (c) 2016-present Invertase Limited & Contributors\n#\n# Licensed under the Apache License, Version 2.0 (the \"License\");\n# you may not use this library except in compliance with the License.\n# You may obtain a copy of the License at\n#\n#   http://www.apache.org/licenses/LICENSE-2.0\n#\n# Unless required by applicable law or agreed to in writing, software\n# distributed under the License is distributed on an \"AS IS\" BASIS,\n# WITHOUT WARRANTIES OR CONDITIONS OF ANY KIND, either express or implied.\n# See the License for the specific language governing permissions and\n# limitations under the License.\n#\n\n##########################################################################\n##########################################################################\n#\n#  NOTE THAT IF YOU CHANGE THIS FILE YOU MUST RUN pod install AFTERWARDS\n#\n#  This file is installed as an Xcode build script in the project file\n#  by cocoapods, and you will not see your changes until you pod install\n#\n##########################################################################\n##########################################################################\n\nset -e\n\n_MAX_LOOKUPS=2;\n_SEARCH_RESULT=''\n_RN_ROOT_EXISTS=''\n_CURRENT_LOOKUPS=1\n_JSON_ROOT=\"'react-native'\"\n_JSON_FILE_NAME='firebase.json'\n_JSON_OUTPUT_BASE64='e30=' # { }\n_CURRENT_SEARCH_DIR=${PROJECT_DIR}\n_PLIST_BUDDY=/usr/libexec/PlistBuddy\n_TARGET_PLIST=\"${BUILT_PRODUCTS_DIR}/${INFOPLIST_PATH}\"\n_DSYM_PLIST=\"${DWARF_DSYM_FOLDER_PATH}/${DWARF_DSYM_FILE_NAME}/Contents/Info.plist\"\n\n# plist arrays\n_PLIST_ENTRY_KEYS=()\n_PLIST_ENTRY_TYPES=()\n_PLIST_ENTRY_VALUES=()\n\nfunction setPlistValue {\n  echo \"info:      setting plist entry '$1' of type '$2' in file '$4'\"\n  ${_PLIST_BUDDY} -c \"Add :$1 $2 '$3'\" $4 || echo \"info:      '$1' already exists\"\n}\n\nfunction getFirebaseJsonKeyValue () {\n  if [[ ${_RN_ROOT_EXISTS} ]]; then\n    ruby -Ku -e \"require 'rubygems';require 'json'; output=JSON.parse('$1'); puts output[$_JSON_ROOT]['$2']\"\n  else\n    echo \"\"\n  fi;\n}\n\nfunction jsonBoolToYesNo () {\n  if [[ $1 == \"false\" ]]; then\n    echo \"NO\"\n  elif [[ $1 == \"true\" ]]; then\n    echo \"YES\"\n  else echo \"NO\"\n  fi\n}\n\necho \"info: -> RNFB build script started\"\necho \"info: 1) Locating ${_JSON_FILE_NAME} file:\"\n\nif [[ -z ${_CURRENT_SEARCH_DIR} ]]; then\n  _CURRENT_SEARCH_DIR=$(pwd)\nfi;\n\nwhile true; do\n  _CURRENT_SEARCH_DIR=$(dirname \"$_CURRENT_SEARCH_DIR\")\n  if [[ \"$_CURRENT_SEARCH_DIR\" == \"/\" ]] || [[ ${_CURRENT_LOOKUPS} -gt ${_MAX_LOOKUPS} ]]; then break; fi;\n  echo \"info:      ($_CURRENT_LOOKUPS of $_MAX_LOOKUPS) Searching in '$_CURRENT_SEARCH_DIR' for a ${_JSON_FILE_NAME} file.\"\n  _SEARCH_RESULT=$(find \"$_CURRENT_SEARCH_DIR\" -maxdepth 2 -name ${_JSON_FILE_NAME} -print | /usr/bin/head -n 1)\n  if [[ ${_SEARCH_RESULT} ]]; then\n    echo \"info:      ${_JSON_FILE_NAME} found at $_SEARCH_RESULT\"\n    break;\n  fi;\n  _CURRENT_LOOKUPS=$((_CURRENT_LOOKUPS+1))\ndone\n\nif [[ ${_SEARCH_RESULT} ]]; then\n  _JSON_OUTPUT_RAW=$(cat \"${_SEARCH_RESULT}\")\n  _RN_ROOT_EXISTS=$(ruby -Ku -e \"require 'rubygems';require 'json'; output=JSON.parse('$_JSON_OUTPUT_RAW'); puts output[$_JSON_ROOT]\" || echo '')\n\n  if [[ ${_RN_ROOT_EXISTS} ]]; then\n    if ! python3 --version >/dev/null 2>&1; then echo \"python3 not found, firebase.json file processing error.\" && exit 1; fi\n    _JSON_OUTPUT_BASE64=$(python3 -c 'import json,sys,base64;print(base64.b64encode(bytes(json.dumps(json.loads(open('\"'${_SEARCH_RESULT}'\"', '\"'rb'\"').read())['${_JSON_ROOT}']), '\"'utf-8'\"')).decode())' || echo \"e30=\")\n  fi\n\n  _PLIST_ENTRY_KEYS+=(\"firebase_json_raw\")\n  _PLIST_ENTRY_TYPES+=(\"string\")\n  _PLIST_ENTRY_VALUES+=(\"$_JSON_OUTPUT_BASE64\")\n\n  # config.app_data_collection_default_enabled\n  _APP_DATA_COLLECTION_ENABLED=$(getFirebaseJsonKeyValue \"$_JSON_OUTPUT_RAW\" \"app_data_collection_default_enabled\")\n  if [[ $_APP_DATA_COLLECTION_ENABLED ]]; then\n    _PLIST_ENTRY_KEYS+=(\"FirebaseDataCollectionDefaultEnabled\")\n    _PLIST_ENTRY_TYPES+=(\"bool\")\n    _PLIST_ENTRY_VALUES+=(\"$(jsonBoolToYesNo \"$_APP_DATA_COLLECTION_ENABLED\")\")\n  fi\n\n  # config.analytics_auto_collection_enabled\n  _ANALYTICS_AUTO_COLLECTION=$(getFirebaseJsonKeyValue \"$_JSON_OUTPUT_RAW\" \"analytics_auto_collection_enabled\")\n  if [[ $_ANALYTICS_AUTO_COLLECTION ]]; then\n    _PLIST_ENTRY_KEYS+=(\"FIREBASE_ANALYTICS_COLLECTION_ENABLED\")\n    _PLIST_ENTRY_TYPES+=(\"bool\")\n    _PLIST_ENTRY_VALUES+=(\"$(jsonBoolToYesNo \"$_ANALYTICS_AUTO_COLLECTION\")\")\n  fi\n\n  # config.analytics_collection_deactivated\n  _ANALYTICS_DEACTIVATED=$(getFirebaseJsonKeyValue \"$_JSON_OUTPUT_RAW\" \"analytics_collection_deactivated\")\n  if [[ $_ANALYTICS_DEACTIVATED ]]; then\n    _PLIST_ENTRY_KEYS+=(\"FIREBASE_ANALYTICS_COLLECTION_DEACTIVATED\")\n    _PLIST_ENTRY_TYPES+=(\"bool\")\n    _PLIST_ENTRY_VALUES+=(\"$(jsonBoolToYesNo \"$_ANALYTICS_DEACTIVATED\")\")\n  fi\n\n  # config.analytics_idfv_collection_enabled\n  _ANALYTICS_IDFV_COLLECTION=$(getFirebaseJsonKeyValue \"$_JSON_OUTPUT_RAW\" \"analytics_idfv_collection_enabled\")\n  if [[ $_ANALYTICS_IDFV_COLLECTION ]]; then\n    _PLIST_ENTRY_KEYS+=(\"GOOGLE_ANALYTICS_IDFV_COLLECTION_ENABLED\")\n    _PLIST_ENTRY_TYPES+=(\"bool\")\n    _PLIST_ENTRY_VALUES+=(\"$(jsonBoolToYesNo \"$_ANALYTICS_IDFV_COLLECTION\")\")\n  fi\n\n  # config.analytics_default_allow_analytics_storage\n  _ANALYTICS_STORAGE=$(getFirebaseJsonKeyValue \"$_JSON_OUTPUT_RAW\" \"analytics_default_allow_analytics_storage\")\n  if [[ $_ANALYTICS_STORAGE ]]; then\n    _PLIST_ENTRY_KEYS+=(\"GOOGLE_ANALYTICS_DEFAULT_ALLOW_ANALYTICS_STORAGE\")\n    _PLIST_ENTRY_TYPES+=(\"bool\")\n    _PLIST_ENTRY_VALUES+=(\"$(jsonBoolToYesNo \"$_ANALYTICS_STORAGE\")\")\n  fi\n\n  # config.analytics_default_allow_ad_storage\n  _ANALYTICS_AD_STORAGE=$(getFirebaseJsonKeyValue \"$_JSON_OUTPUT_RAW\" \"analytics_default_allow_ad_storage\")\n  if [[ $_ANALYTICS_AD_STORAGE ]]; then\n    _PLIST_ENTRY_KEYS+=(\"GOOGLE_ANALYTICS_DEFAULT_ALLOW_AD_STORAGE\")\n    _PLIST_ENTRY_TYPES+=(\"bool\")\n    _PLIST_ENTRY_VALUES+=(\"$(jsonBoolToYesNo \"$_ANALYTICS_AD_STORAGE\")\")\n  fi\n\n  # config.analytics_default_allow_ad_user_data\n  _ANALYTICS_AD_USER_DATA=$(getFirebaseJsonKeyValue \"$_JSON_OUTPUT_RAW\" \"analytics_default_allow_ad_user_data\")\n  if [[ $_ANALYTICS_AD_USER_DATA ]]; then\n    _PLIST_ENTRY_KEYS+=(\"GOOGLE_ANALYTICS_DEFAULT_ALLOW_AD_USER_DATA\")\n    _PLIST_ENTRY_TYPES+=(\"bool\")\n    _PLIST_ENTRY_VALUES+=(\"$(jsonBoolToYesNo \"$_ANALYTICS_AD_USER_DATA\")\")\n  fi\n\n  # config.analytics_default_allow_ad_personalization_signals\n  _ANALYTICS_PERSONALIZATION=$(getFirebaseJsonKeyValue \"$_JSON_OUTPUT_RAW\" \"analytics_default_allow_ad_personalization_signals\")\n  if [[ $_ANALYTICS_PERSONALIZATION ]]; then\n    _PLIST_ENTRY_KEYS+=(\"GOOGLE_ANALYTICS_DEFAULT_ALLOW_AD_PERSONALIZATION_SIGNALS\")\n    _PLIST_ENTRY_TYPES+=(\"bool\")\n    _PLIST_ENTRY_VALUES+=(\"$(jsonBoolToYesNo \"$_ANALYTICS_PERSONALIZATION\")\")\n  fi\n\n  # config.analytics_registration_with_ad_network_enabled\n  _ANALYTICS_REGISTRATION_WITH_AD_NETWORK=$(getFirebaseJsonKeyValue \"$_JSON_OUTPUT_RAW\" \"google_analytics_registration_with_ad_network_enabled\")\n  if [[ $_ANALYTICS_REGISTRATION_WITH_AD_NETWORK ]]; then\n    _PLIST_ENTRY_KEYS+=(\"GOOGLE_ANALYTICS_REGISTRATION_WITH_AD_NETWORK_ENABLED\")\n    _PLIST_ENTRY_TYPES+=(\"bool\")\n    _PLIST_ENTRY_VALUES+=(\"$(jsonBoolToYesNo \"$_ANALYTICS_REGISTRATION_WITH_AD_NETWORK\")\")\n  fi\n\n  # config.google_analytics_automatic_screen_reporting_enabled\n  _ANALYTICS_AUTO_SCREEN_REPORTING=$(getFirebaseJsonKeyValue \"$_JSON_OUTPUT_RAW\" \"google_analytics_automatic_screen_reporting_enabled\")\n  if [[ $_ANALYTICS_AUTO_SCREEN_REPORTING ]]; then\n    _PLIST_ENTRY_KEYS+=(\"FirebaseAutomaticScreenReportingEnabled\")\n    _PLIST_ENTRY_TYPES+=(\"bool\")\n    _PLIST_ENTRY_VALUES+=(\"$(jsonBoolToYesNo \"$_ANALYTICS_AUTO_SCREEN_REPORTING\")\")\n  fi\n\n  # config.perf_auto_collection_enabled\n  _PERF_AUTO_COLLECTION=$(getFirebaseJsonKeyValue \"$_JSON_OUTPUT_RAW\" \"perf_auto_collection_enabled\")\n  if [[ $_PERF_AUTO_COLLECTION ]]; then\n    _PLIST_ENTRY_KEYS+=(\"firebase_performance_collection_enabled\")\n    _PLIST_ENTRY_TYPES+=(\"bool\")\n    _PLIST_ENTRY_VALUES+=(\"$(jsonBoolToYesNo \"$_PERF_AUTO_COLLECTION\")\")\n  fi\n\n  # config.perf_collection_deactivated\n  _PERF_DEACTIVATED=$(getFirebaseJsonKeyValue \"$_JSON_OUTPUT_RAW\" \"perf_collection_deactivated\")\n  if [[ $_PERF_DEACTIVATED ]]; then\n    _PLIST_ENTRY_KEYS+=(\"firebase_performance_collection_deactivated\")\n    _PLIST_ENTRY_TYPES+=(\"bool\")\n    _PLIST_ENTRY_VALUES+=(\"$(jsonBoolToYesNo \"$_PERF_DEACTIVATED\")\")\n  fi\n\n  # config.messaging_auto_init_enabled\n  _MESSAGING_AUTO_INIT=$(getFirebaseJsonKeyValue \"$_JSON_OUTPUT_RAW\" \"messaging_auto_init_enabled\")\n  if [[ $_MESSAGING_AUTO_INIT ]]; then\n    _PLIST_ENTRY_KEYS+=(\"FirebaseMessagingAutoInitEnabled\")\n    _PLIST_ENTRY_TYPES+=(\"bool\")\n    _PLIST_ENTRY_VALUES+=(\"$(jsonBoolToYesNo \"$_MESSAGING_AUTO_INIT\")\")\n  fi\n\n  # config.in_app_messaging_auto_colllection_enabled\n  _FIAM_AUTO_INIT=$(getFirebaseJsonKeyValue \"$_JSON_OUTPUT_RAW\" \"in_app_messaging_auto_collection_enabled\")\n  if [[ $_FIAM_AUTO_INIT ]]; then\n    _PLIST_ENTRY_KEYS+=(\"FirebaseInAppMessagingAutomaticDataCollectionEnabled\")\n    _PLIST_ENTRY_TYPES+=(\"bool\")\n    _PLIST_ENTRY_VALUES+=(\"$(jsonBoolToYesNo \"$_FIAM_AUTO_INIT\")\")\n  fi\n\n  # config.app_check_token_auto_refresh\n  _APP_CHECK_TOKEN_AUTO_REFRESH=$(getFirebaseJsonKeyValue \"$_JSON_OUTPUT_RAW\" \"app_check_token_auto_refresh\")\n  if [[ $_APP_CHECK_TOKEN_AUTO_REFRESH ]]; then\n    _PLIST_ENTRY_KEYS+=(\"FirebaseAppCheckTokenAutoRefreshEnabled\")\n    _PLIST_ENTRY_TYPES+=(\"bool\")\n    _PLIST_ENTRY_VALUES+=(\"$(jsonBoolToYesNo \"$_APP_CHECK_TOKEN_AUTO_REFRESH\")\")\n  fi\n\n  # config.crashlytics_disable_auto_disabler - undocumented for now - mainly for debugging, document if becomes useful\n  _CRASHLYTICS_AUTO_DISABLE_ENABLED=$(getFirebaseJsonKeyValue \"$_JSON_OUTPUT_RAW\" \"crashlytics_disable_auto_disabler\")\n  if [[ $_CRASHLYTICS_AUTO_DISABLE_ENABLED == \"true\" ]]; then\n    echo \"Disabled Crashlytics auto disabler.\" # do nothing\n  else\n    _PLIST_ENTRY_KEYS+=(\"FirebaseCrashlyticsCollectionEnabled\")\n    _PLIST_ENTRY_TYPES+=(\"bool\")\n    _PLIST_ENTRY_VALUES+=(\"NO\")\n  fi\nelse\n  _PLIST_ENTRY_KEYS+=(\"firebase_json_raw\")\n  _PLIST_ENTRY_TYPES+=(\"string\")\n  _PLIST_ENTRY_VALUES+=(\"$_JSON_OUTPUT_BASE64\")\n  echo \"warning:   A firebase.json file was not found, whilst this file is optional it is recommended to include it to configure firebase services in React Native Firebase.\"\nfi;\n\necho \"info: 2) Injecting Info.plist entries: \"\n\n# Log out the keys we're adding\nfor i in \"${!_PLIST_ENTRY_KEYS[@]}\"; do\n  echo \"    ->  $i) ${_PLIST_ENTRY_KEYS[$i]}\" \"${_PLIST_ENTRY_TYPES[$i]}\" \"${_PLIST_ENTRY_VALUES[$i]}\"\ndone\n\nfor plist in \"${_TARGET_PLIST}\" \"${_DSYM_PLIST}\" ; do\n  if [[ -f \"${plist}\" ]]; then\n\n    # paths with spaces break the call to setPlistValue. temporarily modify\n    # the shell internal field separator variable (IFS), which normally\n    # includes spaces, to consist only of line breaks\n    oldifs=$IFS\n    IFS=\"\n\"\n\n    for i in \"${!_PLIST_ENTRY_KEYS[@]}\"; do\n      setPlistValue \"${_PLIST_ENTRY_KEYS[$i]}\" \"${_PLIST_ENTRY_TYPES[$i]}\" \"${_PLIST_ENTRY_VALUES[$i]}\" \"${plist}\"\n    done\n\n    # restore the original internal field separator value\n    IFS=$oldifs\n  else\n    echo \"warning:   A Info.plist build output file was not found (${plist})\"\n  fi\ndone\n\necho \"info: <- RNFB build script finished\"\n";
		};
		BC4F1BC32787C2E1C2998F03 /* [CP] Copy Pods Resources */ = {
			isa = PBXShellScriptBuildPhase;
			buildActionMask = 2147483647;
			files = (
			);
			inputFileListPaths = (
				"${PODS_ROOT}/Target Support Files/Pods-somoi/Pods-somoi-resources-${CONFIGURATION}-input-files.xcfilelist",
			);
			name = "[CP] Copy Pods Resources";
			outputFileListPaths = (
				"${PODS_ROOT}/Target Support Files/Pods-somoi/Pods-somoi-resources-${CONFIGURATION}-output-files.xcfilelist",
			);
			runOnlyForDeploymentPostprocessing = 0;
			shellPath = /bin/sh;
			shellScript = "\"${PODS_ROOT}/Target Support Files/Pods-somoi/Pods-somoi-resources.sh\"\n";
			showEnvVarsInLog = 0;
		};
/* End PBXShellScriptBuildPhase section */

/* Begin PBXSourcesBuildPhase section */
		13B07F871A680F5B00A75B9A /* Sources */ = {
			isa = PBXSourcesBuildPhase;
			buildActionMask = 2147483647;
			files = (
				5DDA7AB42DED879B00A564AB /* NativeEncryption.swift in Sources */,
				5DDA7AB52DED879B00A564AB /* NativeEncryption.m in Sources */,
				5DDA7AB62DED879B00A564AB /* CryptLib.m in Sources */,
				761780ED2CA45674006654EE /* AppDelegate.swift in Sources */,
			);
			runOnlyForDeploymentPostprocessing = 0;
		};
/* End PBXSourcesBuildPhase section */

/* Begin XCBuildConfiguration section */
		13B07F941A680F5B00A75B9A /* Debug */ = {
			isa = XCBuildConfiguration;
			baseConfigurationReference = 60D637E03F77340C176E8649 /* Pods-somoi.debug.xcconfig */;
			buildSettings = {
				ASSETCATALOG_COMPILER_APPICON_NAME = AppIcon;
				CLANG_ENABLE_MODULES = YES;
				CODE_SIGN_ENTITLEMENTS = somoi/somoi.entitlements;
				CODE_SIGN_STYLE = Manual;
				CURRENT_PROJECT_VERSION = 1;
				DEVELOPMENT_TEAM = "";
				"DEVELOPMENT_TEAM[sdk=iphoneos*]" = WB6Y62UGU8;
				ENABLE_BITCODE = NO;
				INFOPLIST_FILE = somoi/Info.plist;
				IPHONEOS_DEPLOYMENT_TARGET = 15.1;
				LD_RUNPATH_SEARCH_PATHS = (
					"$(inherited)",
					"@executable_path/Frameworks",
				);
				MARKETING_VERSION = 1.0;
				OTHER_LDFLAGS = (
					"$(inherited)",
					"-ObjC",
					"-lc++",
				);
				PRODUCT_BUNDLE_IDENTIFIER = com.somoi.customer;
				PRODUCT_NAME = somoi;
				PROVISIONING_PROFILE_SPECIFIER = "";
				"PROVISIONING_PROFILE_SPECIFIER[sdk=iphoneos*]" = "Somoi Customer Development";
				SUPPORTED_PLATFORMS = "iphoneos iphonesimulator";
				SUPPORTS_MACCATALYST = NO;
				SUPPORTS_MAC_DESIGNED_FOR_IPHONE_IPAD = NO;
				SUPPORTS_XR_DESIGNED_FOR_IPHONE_IPAD = NO;
				SWIFT_OBJC_BRIDGING_HEADER = "somoi-Bridging-Header.h";
				SWIFT_OPTIMIZATION_LEVEL = "-Onone";
				SWIFT_VERSION = 5.0;
				TARGETED_DEVICE_FAMILY = 1;
				VERSIONING_SYSTEM = "apple-generic";
			};
			name = Debug;
		};
		13B07F951A680F5B00A75B9A /* Release */ = {
			isa = XCBuildConfiguration;
			baseConfigurationReference = 3A27FBEA8C7C7BFB024579D4 /* Pods-somoi.release.xcconfig */;
			buildSettings = {
				ASSETCATALOG_COMPILER_APPICON_NAME = AppIcon;
				CLANG_ENABLE_MODULES = YES;
				CODE_SIGN_ENTITLEMENTS = somoi/somoi.entitlements;
				CODE_SIGN_STYLE = Manual;
				CURRENT_PROJECT_VERSION = 1;
				DEVELOPMENT_TEAM = "";
				"DEVELOPMENT_TEAM[sdk=iphoneos*]" = WB6Y62UGU8;
				INFOPLIST_FILE = somoi/Info.plist;
				IPHONEOS_DEPLOYMENT_TARGET = 15.1;
				LD_RUNPATH_SEARCH_PATHS = (
					"$(inherited)",
					"@executable_path/Frameworks",
				);
				MARKETING_VERSION = 1.0;
				OTHER_LDFLAGS = (
					"$(inherited)",
					"-ObjC",
					"-lc++",
				);
				PRODUCT_BUNDLE_IDENTIFIER = com.somoi.customer;
				PRODUCT_NAME = somoi;
				PROVISIONING_PROFILE_SPECIFIER = "";
				"PROVISIONING_PROFILE_SPECIFIER[sdk=iphoneos*]" = "Somoi Customer Development";
				SUPPORTED_PLATFORMS = "iphoneos iphonesimulator";
				SUPPORTS_MACCATALYST = NO;
				SUPPORTS_MAC_DESIGNED_FOR_IPHONE_IPAD = NO;
				SUPPORTS_XR_DESIGNED_FOR_IPHONE_IPAD = NO;
				SWIFT_OBJC_BRIDGING_HEADER = "somoi-Bridging-Header.h";
				SWIFT_VERSION = 5.0;
				TARGETED_DEVICE_FAMILY = 1;
				VERSIONING_SYSTEM = "apple-generic";
			};
			name = Release;
		};
		83CBBA201A601CBA00E9B192 /* Debug */ = {
			isa = XCBuildConfiguration;
			buildSettings = {
				ALWAYS_SEARCH_USER_PATHS = NO;
				CLANG_ANALYZER_LOCALIZABILITY_NONLOCALIZED = YES;
				CLANG_CXX_LANGUAGE_STANDARD = "c++20";
				CLANG_CXX_LIBRARY = "libc++";
				CLANG_ENABLE_MODULES = YES;
				CLANG_ENABLE_OBJC_ARC = YES;
				CLANG_WARN_BLOCK_CAPTURE_AUTORELEASING = YES;
				CLANG_WARN_BOOL_CONVERSION = YES;
				CLANG_WARN_COMMA = YES;
				CLANG_WARN_CONSTANT_CONVERSION = YES;
				CLANG_WARN_DEPRECATED_OBJC_IMPLEMENTATIONS = YES;
				CLANG_WARN_DIRECT_OBJC_ISA_USAGE = YES_ERROR;
				CLANG_WARN_EMPTY_BODY = YES;
				CLANG_WARN_ENUM_CONVERSION = YES;
				CLANG_WARN_INFINITE_RECURSION = YES;
				CLANG_WARN_INT_CONVERSION = YES;
				CLANG_WARN_NON_LITERAL_NULL_CONVERSION = YES;
				CLANG_WARN_OBJC_IMPLICIT_RETAIN_SELF = YES;
				CLANG_WARN_OBJC_LITERAL_CONVERSION = YES;
				CLANG_WARN_OBJC_ROOT_CLASS = YES_ERROR;
				CLANG_WARN_QUOTED_INCLUDE_IN_FRAMEWORK_HEADER = YES;
				CLANG_WARN_RANGE_LOOP_ANALYSIS = YES;
				CLANG_WARN_STRICT_PROTOTYPES = YES;
				CLANG_WARN_SUSPICIOUS_MOVE = YES;
				CLANG_WARN_UNREACHABLE_CODE = YES;
				CLANG_WARN__DUPLICATE_METHOD_MATCH = YES;
				"CODE_SIGN_IDENTITY[sdk=iphoneos*]" = "iPhone Developer";
				COPY_PHASE_STRIP = NO;
				ENABLE_STRICT_OBJC_MSGSEND = YES;
				ENABLE_TESTABILITY = YES;
				"EXCLUDED_ARCHS[sdk=iphonesimulator*]" = "";
				GCC_C_LANGUAGE_STANDARD = gnu99;
				GCC_DYNAMIC_NO_PIC = NO;
				GCC_NO_COMMON_BLOCKS = YES;
				GCC_OPTIMIZATION_LEVEL = 0;
				GCC_PREPROCESSOR_DEFINITIONS = (
					"DEBUG=1",
					"$(inherited)",
				);
				GCC_SYMBOLS_PRIVATE_EXTERN = NO;
				GCC_WARN_64_TO_32_BIT_CONVERSION = YES;
				GCC_WARN_ABOUT_RETURN_TYPE = YES_ERROR;
				GCC_WARN_UNDECLARED_SELECTOR = YES;
				GCC_WARN_UNINITIALIZED_AUTOS = YES_AGGRESSIVE;
				GCC_WARN_UNUSED_FUNCTION = YES;
				GCC_WARN_UNUSED_VARIABLE = YES;
				HEADER_SEARCH_PATHS = (
					"$(inherited)",
					"${PODS_CONFIGURATION_BUILD_DIR}/ReactCommon/ReactCommon.framework/Headers",
					"${PODS_CONFIGURATION_BUILD_DIR}/ReactCommon/ReactCommon.framework/Headers/react/nativemodule/core",
					"${PODS_CONFIGURATION_BUILD_DIR}/ReactCommon-Samples/ReactCommon_Samples.framework/Headers",
					"${PODS_CONFIGURATION_BUILD_DIR}/ReactCommon-Samples/ReactCommon_Samples.framework/Headers/platform/ios",
					"${PODS_CONFIGURATION_BUILD_DIR}/React-Fabric/React_Fabric.framework/Headers/react/renderer/components/view/platform/cxx",
					"${PODS_CONFIGURATION_BUILD_DIR}/React-NativeModulesApple/React_NativeModulesApple.framework/Headers",
					"${PODS_CONFIGURATION_BUILD_DIR}/React-graphics/React_graphics.framework/Headers",
					"${PODS_CONFIGURATION_BUILD_DIR}/React-graphics/React_graphics.framework/Headers/react/renderer/graphics/platform/ios",
				);
				IPHONEOS_DEPLOYMENT_TARGET = 15.1;
				LD_RUNPATH_SEARCH_PATHS = (
					/usr/lib/swift,
					"$(inherited)",
				);
				LIBRARY_SEARCH_PATHS = (
					"\"$(SDKROOT)/usr/lib/swift\"",
					"\"$(TOOLCHAIN_DIR)/usr/lib/swift/$(PLATFORM_NAME)\"",
					"\"$(inherited)\"",
				);
				MTL_ENABLE_DEBUG_INFO = YES;
				ONLY_ACTIVE_ARCH = YES;
				OTHER_CPLUSPLUSFLAGS = (
					"$(OTHER_CFLAGS)",
					"-DFOLLY_NO_CONFIG",
					"-DFOLLY_MOBILE=1",
					"-DFOLLY_USE_LIBCPP=1",
					"-DFOLLY_CFG_NO_COROUTINES=1",
					"-DFOLLY_HAVE_CLOCK_GETTIME=1",
				);
				OTHER_LDFLAGS = (
					"$(inherited)",
					" ",
				);
				REACT_NATIVE_PATH = "${PODS_ROOT}/../../node_modules/react-native";
				SDKROOT = iphoneos;
				SWIFT_ACTIVE_COMPILATION_CONDITIONS = "$(inherited) DEBUG";
				USE_HERMES = true;
			};
			name = Debug;
		};
		83CBBA211A601CBA00E9B192 /* Release */ = {
			isa = XCBuildConfiguration;
			buildSettings = {
				ALWAYS_SEARCH_USER_PATHS = NO;
				CLANG_ANALYZER_LOCALIZABILITY_NONLOCALIZED = YES;
				CLANG_CXX_LANGUAGE_STANDARD = "c++20";
				CLANG_CXX_LIBRARY = "libc++";
				CLANG_ENABLE_MODULES = YES;
				CLANG_ENABLE_OBJC_ARC = YES;
				CLANG_WARN_BLOCK_CAPTURE_AUTORELEASING = YES;
				CLANG_WARN_BOOL_CONVERSION = YES;
				CLANG_WARN_COMMA = YES;
				CLANG_WARN_CONSTANT_CONVERSION = YES;
				CLANG_WARN_DEPRECATED_OBJC_IMPLEMENTATIONS = YES;
				CLANG_WARN_DIRECT_OBJC_ISA_USAGE = YES_ERROR;
				CLANG_WARN_EMPTY_BODY = YES;
				CLANG_WARN_ENUM_CONVERSION = YES;
				CLANG_WARN_INFINITE_RECURSION = YES;
				CLANG_WARN_INT_CONVERSION = YES;
				CLANG_WARN_NON_LITERAL_NULL_CONVERSION = YES;
				CLANG_WARN_OBJC_IMPLICIT_RETAIN_SELF = YES;
				CLANG_WARN_OBJC_LITERAL_CONVERSION = YES;
				CLANG_WARN_OBJC_ROOT_CLASS = YES_ERROR;
				CLANG_WARN_QUOTED_INCLUDE_IN_FRAMEWORK_HEADER = YES;
				CLANG_WARN_RANGE_LOOP_ANALYSIS = YES;
				CLANG_WARN_STRICT_PROTOTYPES = YES;
				CLANG_WARN_SUSPICIOUS_MOVE = YES;
				CLANG_WARN_UNREACHABLE_CODE = YES;
				CLANG_WARN__DUPLICATE_METHOD_MATCH = YES;
				"CODE_SIGN_IDENTITY[sdk=iphoneos*]" = "iPhone Developer";
				COPY_PHASE_STRIP = YES;
				ENABLE_NS_ASSERTIONS = NO;
				ENABLE_STRICT_OBJC_MSGSEND = YES;
				"EXCLUDED_ARCHS[sdk=iphonesimulator*]" = "";
				GCC_C_LANGUAGE_STANDARD = gnu99;
				GCC_NO_COMMON_BLOCKS = YES;
				GCC_WARN_64_TO_32_BIT_CONVERSION = YES;
				GCC_WARN_ABOUT_RETURN_TYPE = YES_ERROR;
				GCC_WARN_UNDECLARED_SELECTOR = YES;
				GCC_WARN_UNINITIALIZED_AUTOS = YES_AGGRESSIVE;
				GCC_WARN_UNUSED_FUNCTION = YES;
				GCC_WARN_UNUSED_VARIABLE = YES;
				HEADER_SEARCH_PATHS = (
					"$(inherited)",
					"${PODS_CONFIGURATION_BUILD_DIR}/ReactCommon/ReactCommon.framework/Headers",
					"${PODS_CONFIGURATION_BUILD_DIR}/ReactCommon/ReactCommon.framework/Headers/react/nativemodule/core",
					"${PODS_CONFIGURATION_BUILD_DIR}/ReactCommon-Samples/ReactCommon_Samples.framework/Headers",
					"${PODS_CONFIGURATION_BUILD_DIR}/ReactCommon-Samples/ReactCommon_Samples.framework/Headers/platform/ios",
					"${PODS_CONFIGURATION_BUILD_DIR}/React-Fabric/React_Fabric.framework/Headers/react/renderer/components/view/platform/cxx",
					"${PODS_CONFIGURATION_BUILD_DIR}/React-NativeModulesApple/React_NativeModulesApple.framework/Headers",
					"${PODS_CONFIGURATION_BUILD_DIR}/React-graphics/React_graphics.framework/Headers",
					"${PODS_CONFIGURATION_BUILD_DIR}/React-graphics/React_graphics.framework/Headers/react/renderer/graphics/platform/ios",
				);
				IPHONEOS_DEPLOYMENT_TARGET = 15.1;
				LD_RUNPATH_SEARCH_PATHS = (
					/usr/lib/swift,
					"$(inherited)",
				);
				LIBRARY_SEARCH_PATHS = (
					"\"$(SDKROOT)/usr/lib/swift\"",
					"\"$(TOOLCHAIN_DIR)/usr/lib/swift/$(PLATFORM_NAME)\"",
					"\"$(inherited)\"",
				);
				MTL_ENABLE_DEBUG_INFO = NO;
				OTHER_CPLUSPLUSFLAGS = (
					"$(OTHER_CFLAGS)",
					"-DFOLLY_NO_CONFIG",
					"-DFOLLY_MOBILE=1",
					"-DFOLLY_USE_LIBCPP=1",
					"-DFOLLY_CFG_NO_COROUTINES=1",
					"-DFOLLY_HAVE_CLOCK_GETTIME=1",
				);
				OTHER_LDFLAGS = (
					"$(inherited)",
					" ",
				);
				REACT_NATIVE_PATH = "${PODS_ROOT}/../../node_modules/react-native";
				SDKROOT = iphoneos;
				USE_HERMES = true;
				VALIDATE_PRODUCT = YES;
			};
			name = Release;
		};
/* End XCBuildConfiguration section */

/* Begin XCConfigurationList section */
		13B07F931A680F5B00A75B9A /* Build configuration list for PBXNativeTarget "somoi" */ = {
			isa = XCConfigurationList;
			buildConfigurations = (
				13B07F941A680F5B00A75B9A /* Debug */,
				13B07F951A680F5B00A75B9A /* Release */,
			);
			defaultConfigurationIsVisible = 0;
			defaultConfigurationName = Release;
		};
		83CBB9FA1A601CBA00E9B192 /* Build configuration list for PBXProject "somoi" */ = {
			isa = XCConfigurationList;
			buildConfigurations = (
				83CBBA201A601CBA00E9B192 /* Debug */,
				83CBBA211A601CBA00E9B192 /* Release */,
			);
			defaultConfigurationIsVisible = 0;
			defaultConfigurationName = Release;
		};
/* End XCConfigurationList section */
	};
	rootObject = 83CBB9F71A601CBA00E9B192 /* Project object */;
}
